// !$*UTF8*$!
{
	archiveVersion = 1;
	classes = {
	};
	objectVersion = 46;
	objects = {

/* Begin PBXBuildFile section */
		AB8616E01D665F0D00774EFE /* AppDelegate.swift in Sources */ = {isa = PBXBuildFile; fileRef = AB8616DF1D665F0D00774EFE /* AppDelegate.swift */; };
		AB8616E21D665F0D00774EFE /* ViewController.swift in Sources */ = {isa = PBXBuildFile; fileRef = AB8616E11D665F0D00774EFE /* ViewController.swift */; };
		AB8616E51D665F0D00774EFE /* Main.storyboard in Resources */ = {isa = PBXBuildFile; fileRef = AB8616E31D665F0D00774EFE /* Main.storyboard */; };
		AB8616E71D665F0D00774EFE /* Assets.xcassets in Resources */ = {isa = PBXBuildFile; fileRef = AB8616E61D665F0D00774EFE /* Assets.xcassets */; };
		AB8616EA1D665F0D00774EFE /* LaunchScreen.storyboard in Resources */ = {isa = PBXBuildFile; fileRef = AB8616E81D665F0D00774EFE /* LaunchScreen.storyboard */; };
		AB8616F51D665F0D00774EFE /* Save_the_kittensTests.swift in Sources */ = {isa = PBXBuildFile; fileRef = AB8616F41D665F0D00774EFE /* Save_the_kittensTests.swift */; };
		AB8617001D665F0D00774EFE /* Save_the_kittensUITests.swift in Sources */ = {isa = PBXBuildFile; fileRef = AB8616FF1D665F0D00774EFE /* Save_the_kittensUITests.swift */; };
/* End PBXBuildFile section */

/* Begin PBXContainerItemProxy section */
		AB8616F11D665F0D00774EFE /* PBXContainerItemProxy */ = {
			isa = PBXContainerItemProxy;
			containerPortal = AB8616D41D665F0D00774EFE /* Project object */;
			proxyType = 1;
			remoteGlobalIDString = AB8616DB1D665F0D00774EFE;
			remoteInfo = "Save the kittens";
		};
		AB8616FC1D665F0D00774EFE /* PBXContainerItemProxy */ = {
			isa = PBXContainerItemProxy;
			containerPortal = AB8616D41D665F0D00774EFE /* Project object */;
			proxyType = 1;
			remoteGlobalIDString = AB8616DB1D665F0D00774EFE;
			remoteInfo = "Save the kittens";
		};
/* End PBXContainerItemProxy section */

/* Begin PBXFileReference section */
		AB8616DC1D665F0D00774EFE /* Save the kittens.app */ = {isa = PBXFileReference; explicitFileType = wrapper.application; includeInIndex = 0; path = "Save the kittens.app"; sourceTree = BUILT_PRODUCTS_DIR; };
		AB8616DF1D665F0D00774EFE /* AppDelegate.swift */ = {isa = PBXFileReference; lastKnownFileType = sourcecode.swift; path = AppDelegate.swift; sourceTree = "<group>"; };
		AB8616E11D665F0D00774EFE /* ViewController.swift */ = {isa = PBXFileReference; lastKnownFileType = sourcecode.swift; path = ViewController.swift; sourceTree = "<group>"; };
		AB8616E41D665F0D00774EFE /* Base */ = {isa = PBXFileReference; lastKnownFileType = file.storyboard; name = Base; path = Base.lproj/Main.storyboard; sourceTree = "<group>"; };
		AB8616E61D665F0D00774EFE /* Assets.xcassets */ = {isa = PBXFileReference; lastKnownFileType = folder.assetcatalog; path = Assets.xcassets; sourceTree = "<group>"; };
		AB8616E91D665F0D00774EFE /* Base */ = {isa = PBXFileReference; lastKnownFileType = file.storyboard; name = Base; path = Base.lproj/LaunchScreen.storyboard; sourceTree = "<group>"; };
		AB8616EB1D665F0D00774EFE /* Info.plist */ = {isa = PBXFileReference; lastKnownFileType = text.plist.xml; path = Info.plist; sourceTree = "<group>"; };
		AB8616F01D665F0D00774EFE /* Save the kittensTests.xctest */ = {isa = PBXFileReference; explicitFileType = wrapper.cfbundle; includeInIndex = 0; path = "Save the kittensTests.xctest"; sourceTree = BUILT_PRODUCTS_DIR; };
		AB8616F41D665F0D00774EFE /* Save_the_kittensTests.swift */ = {isa = PBXFileReference; lastKnownFileType = sourcecode.swift; path = Save_the_kittensTests.swift; sourceTree = "<group>"; };
		AB8616F61D665F0D00774EFE /* Info.plist */ = {isa = PBXFileReference; lastKnownFileType = text.plist.xml; path = Info.plist; sourceTree = "<group>"; };
		AB8616FB1D665F0D00774EFE /* Save the kittensUITests.xctest */ = {isa = PBXFileReference; explicitFileType = wrapper.cfbundle; includeInIndex = 0; path = "Save the kittensUITests.xctest"; sourceTree = BUILT_PRODUCTS_DIR; };
		AB8616FF1D665F0D00774EFE /* Save_the_kittensUITests.swift */ = {isa = PBXFileReference; lastKnownFileType = sourcecode.swift; path = Save_the_kittensUITests.swift; sourceTree = "<group>"; };
		AB8617011D665F0D00774EFE /* Info.plist */ = {isa = PBXFileReference; lastKnownFileType = text.plist.xml; path = Info.plist; sourceTree = "<group>"; };
/* End PBXFileReference section */

/* Begin PBXFrameworksBuildPhase section */
		AB8616D91D665F0D00774EFE /* Frameworks */ = {
			isa = PBXFrameworksBuildPhase;
			buildActionMask = 2147483647;
			files = (
			);
			runOnlyForDeploymentPostprocessing = 0;
		};
		AB8616ED1D665F0D00774EFE /* Frameworks */ = {
			isa = PBXFrameworksBuildPhase;
			buildActionMask = 2147483647;
			files = (
			);
			runOnlyForDeploymentPostprocessing = 0;
		};
		AB8616F81D665F0D00774EFE /* Frameworks */ = {
			isa = PBXFrameworksBuildPhase;
			buildActionMask = 2147483647;
			files = (
			);
			runOnlyForDeploymentPostprocessing = 0;
		};
/* End PBXFrameworksBuildPhase section */

/* Begin PBXGroup section */
		AB8616D31D665F0D00774EFE = {
			isa = PBXGroup;
			children = (
				AB8616DE1D665F0D00774EFE /* Save the kittens */,
				AB8616F31D665F0D00774EFE /* Save the kittensTests */,
				AB8616FE1D665F0D00774EFE /* Save the kittensUITests */,
				AB8616DD1D665F0D00774EFE /* Products */,
			);
			sourceTree = "<group>";
		};
		AB8616DD1D665F0D00774EFE /* Products */ = {
			isa = PBXGroup;
			children = (
				AB8616DC1D665F0D00774EFE /* Save the kittens.app */,
				AB8616F01D665F0D00774EFE /* Save the kittensTests.xctest */,
				AB8616FB1D665F0D00774EFE /* Save the kittensUITests.xctest */,
			);
			name = Products;
			sourceTree = "<group>";
		};
		AB8616DE1D665F0D00774EFE /* Save the kittens */ = {
			isa = PBXGroup;
			children = (
				AB8616DF1D665F0D00774EFE /* AppDelegate.swift */,
				AB8616E11D665F0D00774EFE /* ViewController.swift */,
				AB8616E31D665F0D00774EFE /* Main.storyboard */,
				AB8616E61D665F0D00774EFE /* Assets.xcassets */,
				AB8616E81D665F0D00774EFE /* LaunchScreen.storyboard */,
				AB8616EB1D665F0D00774EFE /* Info.plist */,
			);
			path = "Save the kittens";
			sourceTree = "<group>";
		};
		AB8616F31D665F0D00774EFE /* Save the kittensTests */ = {
			isa = PBXGroup;
			children = (
				AB8616F41D665F0D00774EFE /* Save_the_kittensTests.swift */,
				AB8616F61D665F0D00774EFE /* Info.plist */,
			);
			path = "Save the kittensTests";
			sourceTree = "<group>";
		};
		AB8616FE1D665F0D00774EFE /* Save the kittensUITests */ = {
			isa = PBXGroup;
			children = (
				AB8616FF1D665F0D00774EFE /* Save_the_kittensUITests.swift */,
				AB8617011D665F0D00774EFE /* Info.plist */,
			);
			path = "Save the kittensUITests";
			sourceTree = "<group>";
		};
/* End PBXGroup section */

/* Begin PBXNativeTarget section */
		AB8616DB1D665F0D00774EFE /* Save the kittens */ = {
			isa = PBXNativeTarget;
			buildConfigurationList = AB8617041D665F0D00774EFE /* Build configuration list for PBXNativeTarget "Save the kittens" */;
			buildPhases = (
				AB8616D81D665F0D00774EFE /* Sources */,
				AB8616D91D665F0D00774EFE /* Frameworks */,
				AB8616DA1D665F0D00774EFE /* Resources */,
			);
			buildRules = (
			);
			dependencies = (
			);
			name = "Save the kittens";
			productName = "Save the kittens";
			productReference = AB8616DC1D665F0D00774EFE /* Save the kittens.app */;
			productType = "com.apple.product-type.application";
		};
		AB8616EF1D665F0D00774EFE /* Save the kittensTests */ = {
			isa = PBXNativeTarget;
			buildConfigurationList = AB8617071D665F0D00774EFE /* Build configuration list for PBXNativeTarget "Save the kittensTests" */;
			buildPhases = (
				AB8616EC1D665F0D00774EFE /* Sources */,
				AB8616ED1D665F0D00774EFE /* Frameworks */,
				AB8616EE1D665F0D00774EFE /* Resources */,
			);
			buildRules = (
			);
			dependencies = (
				AB8616F21D665F0D00774EFE /* PBXTargetDependency */,
			);
			name = "Save the kittensTests";
			productName = "Save the kittensTests";
			productReference = AB8616F01D665F0D00774EFE /* Save the kittensTests.xctest */;
			productType = "com.apple.product-type.bundle.unit-test";
		};
		AB8616FA1D665F0D00774EFE /* Save the kittensUITests */ = {
			isa = PBXNativeTarget;
			buildConfigurationList = AB86170A1D665F0D00774EFE /* Build configuration list for PBXNativeTarget "Save the kittensUITests" */;
			buildPhases = (
				AB8616F71D665F0D00774EFE /* Sources */,
				AB8616F81D665F0D00774EFE /* Frameworks */,
				AB8616F91D665F0D00774EFE /* Resources */,
			);
			buildRules = (
			);
			dependencies = (
				AB8616FD1D665F0D00774EFE /* PBXTargetDependency */,
			);
			name = "Save the kittensUITests";
			productName = "Save the kittensUITests";
			productReference = AB8616FB1D665F0D00774EFE /* Save the kittensUITests.xctest */;
			productType = "com.apple.product-type.bundle.ui-testing";
		};
/* End PBXNativeTarget section */

/* Begin PBXProject section */
		AB8616D41D665F0D00774EFE /* Project object */ = {
			isa = PBXProject;
			attributes = {
				LastSwiftUpdateCheck = 0800;
				LastUpgradeCheck = 0800;
				ORGANIZATIONNAME = Rennie;
				TargetAttributes = {
					AB8616DB1D665F0D00774EFE = {
						CreatedOnToolsVersion = 8.0;
						ProvisioningStyle = Automatic;
					};
					AB8616EF1D665F0D00774EFE = {
						CreatedOnToolsVersion = 8.0;
						ProvisioningStyle = Automatic;
						TestTargetID = AB8616DB1D665F0D00774EFE;
					};
					AB8616FA1D665F0D00774EFE = {
						CreatedOnToolsVersion = 8.0;
						ProvisioningStyle = Automatic;
						TestTargetID = AB8616DB1D665F0D00774EFE;
					};
				};
			};
			buildConfigurationList = AB8616D71D665F0D00774EFE /* Build configuration list for PBXProject "Save the kittens" */;
			compatibilityVersion = "Xcode 3.2";
			developmentRegion = English;
			hasScannedForEncodings = 0;
			knownRegions = (
				en,
				Base,
			);
			mainGroup = AB8616D31D665F0D00774EFE;
			productRefGroup = AB8616DD1D665F0D00774EFE /* Products */;
			projectDirPath = "";
			projectRoot = "";
			targets = (
				AB8616DB1D665F0D00774EFE /* Save the kittens */,
				AB8616EF1D665F0D00774EFE /* Save the kittensTests */,
				AB8616FA1D665F0D00774EFE /* Save the kittensUITests */,
			);
		};
/* End PBXProject section */

/* Begin PBXResourcesBuildPhase section */
		AB8616DA1D665F0D00774EFE /* Resources */ = {
			isa = PBXResourcesBuildPhase;
			buildActionMask = 2147483647;
			files = (
				AB8616EA1D665F0D00774EFE /* LaunchScreen.storyboard in Resources */,
				AB8616E71D665F0D00774EFE /* Assets.xcassets in Resources */,
				AB8616E51D665F0D00774EFE /* Main.storyboard in Resources */,
			);
			runOnlyForDeploymentPostprocessing = 0;
		};
		AB8616EE1D665F0D00774EFE /* Resources */ = {
			isa = PBXResourcesBuildPhase;
			buildActionMask = 2147483647;
			files = (
			);
			runOnlyForDeploymentPostprocessing = 0;
		};
		AB8616F91D665F0D00774EFE /* Resources */ = {
			isa = PBXResourcesBuildPhase;
			buildActionMask = 2147483647;
			files = (
			);
			runOnlyForDeploymentPostprocessing = 0;
		};
/* End PBXResourcesBuildPhase section */

/* Begin PBXSourcesBuildPhase section */
		AB8616D81D665F0D00774EFE /* Sources */ = {
			isa = PBXSourcesBuildPhase;
			buildActionMask = 2147483647;
			files = (
				AB8616E21D665F0D00774EFE /* ViewController.swift in Sources */,
				AB8616E01D665F0D00774EFE /* AppDelegate.swift in Sources */,
			);
			runOnlyForDeploymentPostprocessing = 0;
		};
		AB8616EC1D665F0D00774EFE /* Sources */ = {
			isa = PBXSourcesBuildPhase;
			buildActionMask = 2147483647;
			files = (
				AB8616F51D665F0D00774EFE /* Save_the_kittensTests.swift in Sources */,
			);
			runOnlyForDeploymentPostprocessing = 0;
		};
		AB8616F71D665F0D00774EFE /* Sources */ = {
			isa = PBXSourcesBuildPhase;
			buildActionMask = 2147483647;
			files = (
				AB8617001D665F0D00774EFE /* Save_the_kittensUITests.swift in Sources */,
			);
			runOnlyForDeploymentPostprocessing = 0;
		};
/* End PBXSourcesBuildPhase section */

/* Begin PBXTargetDependency section */
		AB8616F21D665F0D00774EFE /* PBXTargetDependency */ = {
			isa = PBXTargetDependency;
			target = AB8616DB1D665F0D00774EFE /* Save the kittens */;
			targetProxy = AB8616F11D665F0D00774EFE /* PBXContainerItemProxy */;
		};
		AB8616FD1D665F0D00774EFE /* PBXTargetDependency */ = {
			isa = PBXTargetDependency;
			target = AB8616DB1D665F0D00774EFE /* Save the kittens */;
			targetProxy = AB8616FC1D665F0D00774EFE /* PBXContainerItemProxy */;
		};
/* End PBXTargetDependency section */

/* Begin PBXVariantGroup section */
		AB8616E31D665F0D00774EFE /* Main.storyboard */ = {
			isa = PBXVariantGroup;
			children = (
				AB8616E41D665F0D00774EFE /* Base */,
			);
			name = Main.storyboard;
			sourceTree = "<group>";
		};
		AB8616E81D665F0D00774EFE /* LaunchScreen.storyboard */ = {
			isa = PBXVariantGroup;
			children = (
				AB8616E91D665F0D00774EFE /* Base */,
			);
			name = LaunchScreen.storyboard;
			sourceTree = "<group>";
		};
/* End PBXVariantGroup section */

/* Begin XCBuildConfiguration section */
		AB8617021D665F0D00774EFE /* Debug */ = {
			isa = XCBuildConfiguration;
			buildSettings = {
				ALWAYS_SEARCH_USER_PATHS = NO;
				CLANG_ANALYZER_NONNULL = YES;
				CLANG_CXX_LANGUAGE_STANDARD = "gnu++0x";
				CLANG_CXX_LIBRARY = "libc++";
				CLANG_ENABLE_MODULES = YES;
				CLANG_ENABLE_OBJC_ARC = YES;
				CLANG_WARN_BOOL_CONVERSION = YES;
				CLANG_WARN_CONSTANT_CONVERSION = YES;
				CLANG_WARN_DIRECT_OBJC_ISA_USAGE = YES_ERROR;
				CLANG_WARN_DOCUMENTATION_COMMENTS = YES;
				CLANG_WARN_EMPTY_BODY = YES;
				CLANG_WARN_ENUM_CONVERSION = YES;
				CLANG_WARN_INFINITE_RECURSION = YES;
				CLANG_WARN_INT_CONVERSION = YES;
				CLANG_WARN_OBJC_ROOT_CLASS = YES_ERROR;
				CLANG_WARN_SUSPICIOUS_MOVES = YES;
				CLANG_WARN_UNREACHABLE_CODE = YES;
				CLANG_WARN__DUPLICATE_METHOD_MATCH = YES;
				"CODE_SIGN_IDENTITY[sdk=iphoneos*]" = "iPhone Developer";
				COPY_PHASE_STRIP = NO;
				DEBUG_INFORMATION_FORMAT = dwarf;
				ENABLE_STRICT_OBJC_MSGSEND = YES;
				ENABLE_TESTABILITY = YES;
				GCC_C_LANGUAGE_STANDARD = gnu99;
				GCC_DYNAMIC_NO_PIC = NO;
				GCC_NO_COMMON_BLOCKS = YES;
				GCC_OPTIMIZATION_LEVEL = 0;
				GCC_PREPROCESSOR_DEFINITIONS = (
					"DEBUG=1",
					"$(inherited)",
				);
				GCC_WARN_64_TO_32_BIT_CONVERSION = YES;
				GCC_WARN_ABOUT_RETURN_TYPE = YES_ERROR;
				GCC_WARN_UNDECLARED_SELECTOR = YES;
				GCC_WARN_UNINITIALIZED_AUTOS = YES_AGGRESSIVE;
				GCC_WARN_UNUSED_FUNCTION = YES;
				GCC_WARN_UNUSED_VARIABLE = YES;
				IPHONEOS_DEPLOYMENT_TARGET = 10.0;
				MTL_ENABLE_DEBUG_INFO = YES;
				ONLY_ACTIVE_ARCH = YES;
				SDKROOT = iphoneos;
				SWIFT_ACTIVE_COMPILATION_CONDITIONS = DEBUG;
				SWIFT_OPTIMIZATION_LEVEL = "-Onone";
			};
			name = Debug;
		};
		AB8617031D665F0D00774EFE /* Release */ = {
			isa = XCBuildConfiguration;
			buildSettings = {
				ALWAYS_SEARCH_USER_PATHS = NO;
				CLANG_ANALYZER_NONNULL = YES;
				CLANG_CXX_LANGUAGE_STANDARD = "gnu++0x";
				CLANG_CXX_LIBRARY = "libc++";
				CLANG_ENABLE_MODULES = YES;
				CLANG_ENABLE_OBJC_ARC = YES;
				CLANG_WARN_BOOL_CONVERSION = YES;
				CLANG_WARN_CONSTANT_CONVERSION = YES;
				CLANG_WARN_DIRECT_OBJC_ISA_USAGE = YES_ERROR;
				CLANG_WARN_DOCUMENTATION_COMMENTS = YES;
				CLANG_WARN_EMPTY_BODY = YES;
				CLANG_WARN_ENUM_CONVERSION = YES;
				CLANG_WARN_INFINITE_RECURSION = YES;
				CLANG_WARN_INT_CONVERSION = YES;
				CLANG_WARN_OBJC_ROOT_CLASS = YES_ERROR;
				CLANG_WARN_SUSPICIOUS_MOVES = YES;
				CLANG_WARN_UNREACHABLE_CODE = YES;
				CLANG_WARN__DUPLICATE_METHOD_MATCH = YES;
				"CODE_SIGN_IDENTITY[sdk=iphoneos*]" = "iPhone Developer";
				COPY_PHASE_STRIP = NO;
				DEBUG_INFORMATION_FORMAT = "dwarf-with-dsym";
				ENABLE_NS_ASSERTIONS = NO;
				ENABLE_STRICT_OBJC_MSGSEND = YES;
				GCC_C_LANGUAGE_STANDARD = gnu99;
				GCC_NO_COMMON_BLOCKS = YES;
				GCC_WARN_64_TO_32_BIT_CONVERSION = YES;
				GCC_WARN_ABOUT_RETURN_TYPE = YES_ERROR;
				GCC_WARN_UNDECLARED_SELECTOR = YES;
				GCC_WARN_UNINITIALIZED_AUTOS = YES_AGGRESSIVE;
				GCC_WARN_UNUSED_FUNCTION = YES;
				GCC_WARN_UNUSED_VARIABLE = YES;
				IPHONEOS_DEPLOYMENT_TARGET = 10.0;
				MTL_ENABLE_DEBUG_INFO = NO;
				SDKROOT = iphoneos;
				SWIFT_OPTIMIZATION_LEVEL = "-Owholemodule";
				VALIDATE_PRODUCT = YES;
			};
			name = Release;
		};
		AB8617051D665F0D00774EFE /* Debug */ = {
			isa = XCBuildConfiguration;
			buildSettings = {
				ASSETCATALOG_COMPILER_APPICON_NAME = AppIcon;
				INFOPLIST_FILE = "Save the kittens/Info.plist";
				LD_RUNPATH_SEARCH_PATHS = "$(inherited) @executable_path/Frameworks";
				PRODUCT_BUNDLE_IDENTIFIER = "ichoonu.Save-the-kittens";
				PRODUCT_NAME = "$(TARGET_NAME)";
				SWIFT_VERSION = 3.0;
			};
			name = Debug;
		};
		AB8617061D665F0D00774EFE /* Release */ = {
			isa = XCBuildConfiguration;
			buildSettings = {
				ASSETCATALOG_COMPILER_APPICON_NAME = AppIcon;
				INFOPLIST_FILE = "Save the kittens/Info.plist";
				LD_RUNPATH_SEARCH_PATHS = "$(inherited) @executable_path/Frameworks";
				PRODUCT_BUNDLE_IDENTIFIER = "ichoonu.Save-the-kittens";
				PRODUCT_NAME = "$(TARGET_NAME)";
				SWIFT_VERSION = 3.0;
			};
			name = Release;
		};
		AB8617081D665F0D00774EFE /* Debug */ = {
			isa = XCBuildConfiguration;
			buildSettings = {
				BUNDLE_LOADER = "$(TEST_HOST)";
				INFOPLIST_FILE = "Save the kittensTests/Info.plist";
				LD_RUNPATH_SEARCH_PATHS = "$(inherited) @executable_path/Frameworks @loader_path/Frameworks";
				PRODUCT_BUNDLE_IDENTIFIER = "ichoonu.Save-the-kittensTests";
				PRODUCT_NAME = "$(TARGET_NAME)";
				SWIFT_VERSION = 3.0;
				TEST_HOST = "$(BUILT_PRODUCTS_DIR)/Save the kittens.app/Save the kittens";
			};
			name = Debug;
		};
		AB8617091D665F0D00774EFE /* Release */ = {
			isa = XCBuildConfiguration;
			buildSettings = {
				BUNDLE_LOADER = "$(TEST_HOST)";
				INFOPLIST_FILE = "Save the kittensTests/Info.plist";
				LD_RUNPATH_SEARCH_PATHS = "$(inherited) @executable_path/Frameworks @loader_path/Frameworks";
				PRODUCT_BUNDLE_IDENTIFIER = "ichoonu.Save-the-kittensTests";
				PRODUCT_NAME = "$(TARGET_NAME)";
				SWIFT_VERSION = 3.0;
				TEST_HOST = "$(BUILT_PRODUCTS_DIR)/Save the kittens.app/Save the kittens";
			};
			name = Release;
		};
		AB86170B1D665F0D00774EFE /* Debug */ = {
			isa = XCBuildConfiguration;
			buildSettings = {
				INFOPLIST_FILE = "Save the kittensUITests/Info.plist";
				LD_RUNPATH_SEARCH_PATHS = "$(inherited) @executable_path/Frameworks @loader_path/Frameworks";
				PRODUCT_BUNDLE_IDENTIFIER = "ichoonu.Save-the-kittensUITests";
				PRODUCT_NAME = "$(TARGET_NAME)";
				SWIFT_VERSION = 3.0;
				TEST_TARGET_NAME = "Save the kittens";
			};
			name = Debug;
		};
		AB86170C1D665F0D00774EFE /* Release */ = {
			isa = XCBuildConfiguration;
			buildSettings = {
				INFOPLIST_FILE = "Save the kittensUITests/Info.plist";
				LD_RUNPATH_SEARCH_PATHS = "$(inherited) @executable_path/Frameworks @loader_path/Frameworks";
				PRODUCT_BUNDLE_IDENTIFIER = "ichoonu.Save-the-kittensUITests";
				PRODUCT_NAME = "$(TARGET_NAME)";
				SWIFT_VERSION = 3.0;
				TEST_TARGET_NAME = "Save the kittens";
			};
			name = Release;
		};
/* End XCBuildConfiguration section */

/* Begin XCConfigurationList section */
		AB8616D71D665F0D00774EFE /* Build configuration list for PBXProject "Save the kittens" */ = {
			isa = XCConfigurationList;
			buildConfigurations = (
				AB8617021D665F0D00774EFE /* Debug */,
				AB8617031D665F0D00774EFE /* Release */,
			);
			defaultConfigurationIsVisible = 0;
			defaultConfigurationName = Release;
		};
		AB8617041D665F0D00774EFE /* Build configuration list for PBXNativeTarget "Save the kittens" */ = {
			isa = XCConfigurationList;
			buildConfigurations = (
				AB8617051D665F0D00774EFE /* Debug */,
				AB8617061D665F0D00774EFE /* Release */,
			);
			defaultConfigurationIsVisible = 0;
		};
		AB8617071D665F0D00774EFE /* Build configuration list for PBXNativeTarget "Save the kittensTests" */ = {
			isa = XCConfigurationList;
			buildConfigurations = (
				AB8617081D665F0D00774EFE /* Debug */,
				AB8617091D665F0D00774EFE /* Release */,
			);
			defaultConfigurationIsVisible = 0;
		};
		AB86170A1D665F0D00774EFE /* Build configuration list for PBXNativeTarget "Save the kittensUITests" */ = {
			isa = XCConfigurationList;
			buildConfigurations = (
				AB86170B1D665F0D00774EFE /* Debug */,
				AB86170C1D665F0D00774EFE /* Release */,
			);
			defaultConfigurationIsVisible = 0;
		};
/* End XCConfigurationList section */
	};
	rootObject = AB8616D41D665F0D00774EFE /* Project object */;
}
